
Microsoft Visual Studio Solution File, Format Version 12.00
# Visual Studio Version 17
VisualStudioVersion = 17.13.35919.96 d17.13
MinimumVisualStudioVersion = 10.0.40219.1
Project("{54A90642-561A-4BB1-A94E-469ADEE60C69}") = "client", "client.esproj", "{0E229E5A-A318-B3E4-4CDA-5C18D651A5FC}"
EndProject
Global
	GlobalSection(SolutionConfigurationPlatforms) = preSolution
		Debug|Any CPU = Debug|Any CPU
		Release|Any CPU = Release|Any CPU
	EndGlobalSection
	GlobalSection(ProjectConfigurationPlatforms) = postSolution
		{0E229E5A-A318-B3E4-4CDA-5C18D651A5FC}.Debug|Any CPU.ActiveCfg = Debug|Any CPU
		{0E229E5A-A318-B3E4-4CDA-5C18D651A5FC}.Debug|Any CPU.Build.0 = Debug|Any CPU
		{0E229E5A-A318-B3E4-4CDA-5C18D651A5FC}.Debug|Any CPU.Deploy.0 = Debug|Any CPU
		{0E229E5A-A318-B3E4-4CDA-5C18D651A5FC}.Release|Any CPU.ActiveCfg = Release|Any CPU
		{0E229E5A-A318-B3E4-4CDA-5C18D651A5FC}.Release|Any CPU.Build.0 = Release|Any CPU
		{0E229E5A-A318-B3E4-4CDA-5C18D651A5FC}.Release|Any CPU.Deploy.0 = Release|Any CPU
	EndGlobalSection
	GlobalSection(SolutionProperties) = preSolution
		HideSolutionNode = FALSE
	EndGlobalSection
	GlobalSection(ExtensibilityGlobals) = postSolution
		SolutionGuid = {44EEFAD4-103B-41DF-9BCE-7DB06F1306F4}
	EndGlobalSection
EndGlobal
